
Microsoft Visual Studio Solution File, Format Version 12.00
# Visual Studio Version 16
VisualStudioVersion = 16.0.29613.14
MinimumVisualStudioVersion = 10.0.40219.1
Project("{9A19103F-16F7-4668-BE54-9A1E7A4F7556}") = "VerifyourUser.API", "VerifyourUser.API\VerifyourUser.API.csproj", "{ECBB0D50-3066-4451-AEC9-4F34193BB608}"
EndProject
Project("{FAE04EC0-301F-11D3-BF4B-00C04F79EFBC}") = "VerifyourUser.Domain", "VerifyourUser.Domain\VerifyourUser.Domain.csproj", "{2BCA67AD-1575-4B96-B298-B9451515079E}"
EndProject
Project("{FAE04EC0-301F-11D3-BF4B-00C04F79EFBC}") = "VerifyourUser.DataAccess", "VerifyourUser.DataAccess\VerifyourUser.DataAccess.csproj", "{9EFA71FA-7D9D-46A2-A580-B5131B0B847F}"
EndProject
Global
	GlobalSection(SolutionConfigurationPlatforms) = preSolution
		Debug|Any CPU = Debug|Any CPU
		Release|Any CPU = Release|Any CPU
	EndGlobalSection
	GlobalSection(ProjectConfigurationPlatforms) = postSolution
		{ECBB0D50-3066-4451-AEC9-4F34193BB608}.Debug|Any CPU.ActiveCfg = Debug|Any CPU
		{ECBB0D50-3066-4451-AEC9-4F34193BB608}.Debug|Any CPU.Build.0 = Debug|Any CPU
		{ECBB0D50-3066-4451-AEC9-4F34193BB608}.Release|Any CPU.ActiveCfg = Release|Any CPU
		{ECBB0D50-3066-4451-AEC9-4F34193BB608}.Release|Any CPU.Build.0 = Release|Any CPU
		{2BCA67AD-1575-4B96-B298-B9451515079E}.Debug|Any CPU.ActiveCfg = Debug|Any CPU
		{2BCA67AD-1575-4B96-B298-B9451515079E}.Debug|Any CPU.Build.0 = Debug|Any CPU
		{2BCA67AD-1575-4B96-B298-B9451515079E}.Release|Any CPU.ActiveCfg = Release|Any CPU
		{2BCA67AD-1575-4B96-B298-B9451515079E}.Release|Any CPU.Build.0 = Release|Any CPU
		{9EFA71FA-7D9D-46A2-A580-B5131B0B847F}.Debug|Any CPU.ActiveCfg = Debug|Any CPU
		{9EFA71FA-7D9D-46A2-A580-B5131B0B847F}.Debug|Any CPU.Build.0 = Debug|Any CPU
		{9EFA71FA-7D9D-46A2-A580-B5131B0B847F}.Release|Any CPU.ActiveCfg = Release|Any CPU
		{9EFA71FA-7D9D-46A2-A580-B5131B0B847F}.Release|Any CPU.Build.0 = Release|Any CPU
	EndGlobalSection
	GlobalSection(SolutionProperties) = preSolution
		HideSolutionNode = FALSE
	EndGlobalSection
	GlobalSection(ExtensibilityGlobals) = postSolution
		SolutionGuid = {3EBA77F3-72BE-43CC-A2FC-DB9FC152A779}
	EndGlobalSection
EndGlobal
